
Microsoft Visual Studio Solution File, Format Version 11.00
# Visual Studio 2010
Project("{8BC9CEB8-8B4A-11D0-8D11-00A0C91BC942}") = "Project", "Project.vcxproj", "{0FFF3B84-6927-0CD3-5337-CD6AA05123A5}"
EndProject
Global
	GlobalSection(SolutionConfigurationPlatforms) = preSolution
		Debug|Win32 = Debug|Win32
		Release|Win32 = Release|Win32
	EndGlobalSection
	GlobalSection(ProjectConfigurationPlatforms) = postSolution
		{0FFF3B84-6927-0CD3-5337-CD6AA05123A5}.Debug|Win32.ActiveCfg = Debug|Win32
		{0FFF3B84-6927-0CD3-5337-CD6AA05123A5}.Debug|Win32.Build.0 = Debug|Win32
		{0FFF3B84-6927-0CD3-5337-CD6AA05123A5}.Release|Win32.ActiveCfg = Release|Win32
		{0FFF3B84-6927-0CD3-5337-CD6AA05123A5}.Release|Win32.Build.0 = Release|Win32
	EndGlobalSection
	GlobalSection(SolutionProperties) = preSolution
		HideSolutionNode = FALSE
	EndGlobalSection
EndGlobal
